
Microsoft Visual Studio Solution File, Format Version 12.00
# Visual Studio 15
Project("{FAE04EC0-301F-11D3-BF4B-00C04F79EFBC}") = "Assembly-CSharp", "Assembly-CSharp.csproj", "{BE85899D-7433-9E5D-6772-3CC08208290A}"
EndProject
Global
	GlobalSection(SolutionConfigurationPlatforms) = preSolution
		Debug|Any CPU = Debug|Any CPU
		Release|Any CPU = Release|Any CPU
	EndGlobalSection
	GlobalSection(ProjectConfigurationPlatforms) = postSolution
		{BE85899D-7433-9E5D-6772-3CC08208290A}.Debug|Any CPU.ActiveCfg = Debug|Any CPU
		{BE85899D-7433-9E5D-6772-3CC08208290A}.Debug|Any CPU.Build.0 = Debug|Any CPU
		{BE85899D-7433-9E5D-6772-3CC08208290A}.Release|Any CPU.ActiveCfg = Release|Any CPU
		{BE85899D-7433-9E5D-6772-3CC08208290A}.Release|Any CPU.Build.0 = Release|Any CPU
	EndGlobalSection
	GlobalSection(SolutionProperties) = preSolution
		HideSolutionNode = FALSE
	EndGlobalSection
EndGlobal
